
Microsoft Visual Studio Solution File, Format Version 11.00
# Visual Studio 2010
Project("{8BC9CEB8-8B4A-11D0-8D11-00A0C91BC942}") = "Particles", "Particles\Particles.vcxproj", "{80EE81B8-F9D3-4309-82F3-1F6BD8CFA24B}"
EndProject
Project("{8BC9CEB8-8B4A-11D0-8D11-00A0C91BC942}") = "OpenGLInfo", "OpenGLInfo\OpenGLInfo.vcxproj", "{BECBC399-E450-4C70-A55B-1CA3BABCE4C4}"
EndProject
Global
	GlobalSection(SolutionConfigurationPlatforms) = preSolution
		Debug|Win32 = Debug|Win32
		Debug|x64 = Debug|x64
		Release|Win32 = Release|Win32
		Release|x64 = Release|x64
	EndGlobalSection
	GlobalSection(ProjectConfigurationPlatforms) = postSolution
		{80EE81B8-F9D3-4309-82F3-1F6BD8CFA24B}.Debug|Win32.ActiveCfg = Debug|Win32
		{80EE81B8-F9D3-4309-82F3-1F6BD8CFA24B}.Debug|Win32.Build.0 = Debug|Win32
		{80EE81B8-F9D3-4309-82F3-1F6BD8CFA24B}.Debug|x64.ActiveCfg = Debug|x64
		{80EE81B8-F9D3-4309-82F3-1F6BD8CFA24B}.Debug|x64.Build.0 = Debug|x64
		{80EE81B8-F9D3-4309-82F3-1F6BD8CFA24B}.Release|Win32.ActiveCfg = Release|Win32
		{80EE81B8-F9D3-4309-82F3-1F6BD8CFA24B}.Release|Win32.Build.0 = Release|Win32
		{80EE81B8-F9D3-4309-82F3-1F6BD8CFA24B}.Release|x64.ActiveCfg = Release|x64
		{80EE81B8-F9D3-4309-82F3-1F6BD8CFA24B}.Release|x64.Build.0 = Release|x64
		{BECBC399-E450-4C70-A55B-1CA3BABCE4C4}.Debug|Win32.ActiveCfg = Debug|Win32
		{BECBC399-E450-4C70-A55B-1CA3BABCE4C4}.Debug|Win32.Build.0 = Debug|Win32
		{BECBC399-E450-4C70-A55B-1CA3BABCE4C4}.Debug|x64.ActiveCfg = Debug|x64
		{BECBC399-E450-4C70-A55B-1CA3BABCE4C4}.Debug|x64.Build.0 = Debug|x64
		{BECBC399-E450-4C70-A55B-1CA3BABCE4C4}.Release|Win32.ActiveCfg = Release|Win32
		{BECBC399-E450-4C70-A55B-1CA3BABCE4C4}.Release|Win32.Build.0 = Release|Win32
		{BECBC399-E450-4C70-A55B-1CA3BABCE4C4}.Release|x64.ActiveCfg = Release|x64
		{BECBC399-E450-4C70-A55B-1CA3BABCE4C4}.Release|x64.Build.0 = Release|x64
	EndGlobalSection
	GlobalSection(SolutionProperties) = preSolution
		HideSolutionNode = FALSE
	EndGlobalSection
EndGlobal
